
Microsoft Visual Studio Solution File, Format Version 12.00
# Visual Studio Version 17
VisualStudioVersion = 17.7.33808.371
MinimumVisualStudioVersion = 10.0.40219.1
Project("{FAE04EC0-301F-11D3-BF4B-00C04F79EFBC}") = "DesignPatterns.Iterator", "DesignPatterns.Iterator\DesignPatterns.Iterator.csproj", "{B6083885-9700-4808-9F3F-28BBECC55236}"
EndProject
Project("{FAE04EC0-301F-11D3-BF4B-00C04F79EFBC}") = "DesignPatterns.Iterator.ConsoleTest", "DesignPatterns.Iterator.ConsoleTest\DesignPatterns.Iterator.ConsoleTest.csproj", "{58B6F097-A7FF-4333-958A-6FF22309C022}"
EndProject
Project("{FAE04EC0-301F-11D3-BF4B-00C04F79EFBC}") = "DesignPatterns.FluentBuilder", "DesignPatterns.FluentBuilder\DesignPatterns.FluentBuilder.csproj", "{C64B985A-0193-48C3-8DBB-CA45AAEAA5A8}"
EndProject
Project("{FAE04EC0-301F-11D3-BF4B-00C04F79EFBC}") = "DesignPatterns.FluentBuilder.ConsoleTest", "DesignPatterns.FluentBuilder.ConsoleTest\DesignPatterns.FluentBuilder.ConsoleTest.csproj", "{CA3436D9-59F1-47AA-B258-92510D853D5B}"
EndProject
Global
	GlobalSection(SolutionConfigurationPlatforms) = preSolution
		Debug|Any CPU = Debug|Any CPU
		Release|Any CPU = Release|Any CPU
	EndGlobalSection
	GlobalSection(ProjectConfigurationPlatforms) = postSolution
		{B6083885-9700-4808-9F3F-28BBECC55236}.Debug|Any CPU.ActiveCfg = Debug|Any CPU
		{B6083885-9700-4808-9F3F-28BBECC55236}.Debug|Any CPU.Build.0 = Debug|Any CPU
		{B6083885-9700-4808-9F3F-28BBECC55236}.Release|Any CPU.ActiveCfg = Release|Any CPU
		{B6083885-9700-4808-9F3F-28BBECC55236}.Release|Any CPU.Build.0 = Release|Any CPU
		{58B6F097-A7FF-4333-958A-6FF22309C022}.Debug|Any CPU.ActiveCfg = Debug|Any CPU
		{58B6F097-A7FF-4333-958A-6FF22309C022}.Debug|Any CPU.Build.0 = Debug|Any CPU
		{58B6F097-A7FF-4333-958A-6FF22309C022}.Release|Any CPU.ActiveCfg = Release|Any CPU
		{58B6F097-A7FF-4333-958A-6FF22309C022}.Release|Any CPU.Build.0 = Release|Any CPU
		{C64B985A-0193-48C3-8DBB-CA45AAEAA5A8}.Debug|Any CPU.ActiveCfg = Debug|Any CPU
		{C64B985A-0193-48C3-8DBB-CA45AAEAA5A8}.Debug|Any CPU.Build.0 = Debug|Any CPU
		{C64B985A-0193-48C3-8DBB-CA45AAEAA5A8}.Release|Any CPU.ActiveCfg = Release|Any CPU
		{C64B985A-0193-48C3-8DBB-CA45AAEAA5A8}.Release|Any CPU.Build.0 = Release|Any CPU
		{CA3436D9-59F1-47AA-B258-92510D853D5B}.Debug|Any CPU.ActiveCfg = Debug|Any CPU
		{CA3436D9-59F1-47AA-B258-92510D853D5B}.Debug|Any CPU.Build.0 = Debug|Any CPU
		{CA3436D9-59F1-47AA-B258-92510D853D5B}.Release|Any CPU.ActiveCfg = Release|Any CPU
		{CA3436D9-59F1-47AA-B258-92510D853D5B}.Release|Any CPU.Build.0 = Release|Any CPU
	EndGlobalSection
	GlobalSection(SolutionProperties) = preSolution
		HideSolutionNode = FALSE
	EndGlobalSection
	GlobalSection(ExtensibilityGlobals) = postSolution
		SolutionGuid = {E1876CDB-F361-4E5E-A5D0-C66E609004AF}
	EndGlobalSection
EndGlobal
